
Microsoft Visual Studio Solution File, Format Version 12.00
# Visual Studio 15
VisualStudioVersion = 15.0.27004.2009
MinimumVisualStudioVersion = 10.0.40219.1
Project("{FAE04EC0-301F-11D3-BF4B-00C04F79EFBC}") = "DefiningExports", "src\ExportDefinitionContext\DefiningExports\DefiningExports.csproj", "{7CD96CB4-627D-4603-BF1B-7A65267BB6F1}"
EndProject
Project("{FAE04EC0-301F-11D3-BF4B-00C04F79EFBC}") = "Definingexports.Tests", "tests\Definingexports.Tests\Definingexports.Tests.csproj", "{4CA4A43C-6527-4E34-94FE-E34DB34DF13B}"
EndProject
Project("{FAE04EC0-301F-11D3-BF4B-00C04F79EFBC}") = "Common", "src\Common\Common.csproj", "{D582BABD-AEF8-4CB4-80F2-0003CB7275E2}"
EndProject
Project("{FAE04EC0-301F-11D3-BF4B-00C04F79EFBC}") = "InMemoryBus", "src\InMemoryBus\InMemoryBus.csproj", "{7828F6C7-633A-482D-A97A-258948EE6654}"
EndProject
Project("{FAE04EC0-301F-11D3-BF4B-00C04F79EFBC}") = "DefiningExports.ProjectionRunner", "src\DefiningExports.ProjectionRunner\DefiningExports.ProjectionRunner.csproj", "{29CABD19-D1DB-421B-87EA-DA26A643E53C}"
EndProject
Project("{FAE04EC0-301F-11D3-BF4B-00C04F79EFBC}") = "AggregateSource.Marten", "src\AggregateSource.Marten\AggregateSource.Marten.csproj", "{06AA30D7-8CD5-4EC4-99F2-50129DEE0D57}"
EndProject
Project("{2150E333-8FDC-42A3-9474-1A3956D46DE8}") = "Infrastructure", "Infrastructure", "{B294E7DD-39B4-443F-836C-0BC0CCC9D032}"
EndProject
Project("{FAE04EC0-301F-11D3-BF4B-00C04F79EFBC}") = "TestHarness", "tests\TestHarness\TestHarness.csproj", "{A098E3C2-7A27-4B3F-BF76-ADE36DE4E4C1}"
EndProject
Global
	GlobalSection(SolutionConfigurationPlatforms) = preSolution
		Debug|Any CPU = Debug|Any CPU
		Release|Any CPU = Release|Any CPU
	EndGlobalSection
	GlobalSection(ProjectConfigurationPlatforms) = postSolution
		{7CD96CB4-627D-4603-BF1B-7A65267BB6F1}.Debug|Any CPU.ActiveCfg = Debug|Any CPU
		{7CD96CB4-627D-4603-BF1B-7A65267BB6F1}.Debug|Any CPU.Build.0 = Debug|Any CPU
		{7CD96CB4-627D-4603-BF1B-7A65267BB6F1}.Release|Any CPU.ActiveCfg = Release|Any CPU
		{7CD96CB4-627D-4603-BF1B-7A65267BB6F1}.Release|Any CPU.Build.0 = Release|Any CPU
		{4CA4A43C-6527-4E34-94FE-E34DB34DF13B}.Debug|Any CPU.ActiveCfg = Debug|Any CPU
		{4CA4A43C-6527-4E34-94FE-E34DB34DF13B}.Debug|Any CPU.Build.0 = Debug|Any CPU
		{4CA4A43C-6527-4E34-94FE-E34DB34DF13B}.Release|Any CPU.ActiveCfg = Release|Any CPU
		{4CA4A43C-6527-4E34-94FE-E34DB34DF13B}.Release|Any CPU.Build.0 = Release|Any CPU
		{D582BABD-AEF8-4CB4-80F2-0003CB7275E2}.Debug|Any CPU.ActiveCfg = Debug|Any CPU
		{D582BABD-AEF8-4CB4-80F2-0003CB7275E2}.Debug|Any CPU.Build.0 = Debug|Any CPU
		{D582BABD-AEF8-4CB4-80F2-0003CB7275E2}.Release|Any CPU.ActiveCfg = Release|Any CPU
		{D582BABD-AEF8-4CB4-80F2-0003CB7275E2}.Release|Any CPU.Build.0 = Release|Any CPU
		{7828F6C7-633A-482D-A97A-258948EE6654}.Debug|Any CPU.ActiveCfg = Debug|Any CPU
		{7828F6C7-633A-482D-A97A-258948EE6654}.Debug|Any CPU.Build.0 = Debug|Any CPU
		{7828F6C7-633A-482D-A97A-258948EE6654}.Release|Any CPU.ActiveCfg = Release|Any CPU
		{7828F6C7-633A-482D-A97A-258948EE6654}.Release|Any CPU.Build.0 = Release|Any CPU
		{29CABD19-D1DB-421B-87EA-DA26A643E53C}.Debug|Any CPU.ActiveCfg = Debug|Any CPU
		{29CABD19-D1DB-421B-87EA-DA26A643E53C}.Debug|Any CPU.Build.0 = Debug|Any CPU
		{29CABD19-D1DB-421B-87EA-DA26A643E53C}.Release|Any CPU.ActiveCfg = Release|Any CPU
		{29CABD19-D1DB-421B-87EA-DA26A643E53C}.Release|Any CPU.Build.0 = Release|Any CPU
		{06AA30D7-8CD5-4EC4-99F2-50129DEE0D57}.Debug|Any CPU.ActiveCfg = Debug|Any CPU
		{06AA30D7-8CD5-4EC4-99F2-50129DEE0D57}.Debug|Any CPU.Build.0 = Debug|Any CPU
		{06AA30D7-8CD5-4EC4-99F2-50129DEE0D57}.Release|Any CPU.ActiveCfg = Release|Any CPU
		{06AA30D7-8CD5-4EC4-99F2-50129DEE0D57}.Release|Any CPU.Build.0 = Release|Any CPU
		{A098E3C2-7A27-4B3F-BF76-ADE36DE4E4C1}.Debug|Any CPU.ActiveCfg = Debug|Any CPU
		{A098E3C2-7A27-4B3F-BF76-ADE36DE4E4C1}.Debug|Any CPU.Build.0 = Debug|Any CPU
		{A098E3C2-7A27-4B3F-BF76-ADE36DE4E4C1}.Release|Any CPU.ActiveCfg = Release|Any CPU
		{A098E3C2-7A27-4B3F-BF76-ADE36DE4E4C1}.Release|Any CPU.Build.0 = Release|Any CPU
	EndGlobalSection
	GlobalSection(SolutionProperties) = preSolution
		HideSolutionNode = FALSE
	EndGlobalSection
	GlobalSection(NestedProjects) = preSolution
		{D582BABD-AEF8-4CB4-80F2-0003CB7275E2} = {B294E7DD-39B4-443F-836C-0BC0CCC9D032}
		{7828F6C7-633A-482D-A97A-258948EE6654} = {B294E7DD-39B4-443F-836C-0BC0CCC9D032}
	EndGlobalSection
	GlobalSection(ExtensibilityGlobals) = postSolution
		SolutionGuid = {13EAEADD-C5D8-452F-99CF-B5C5B37A26DB}
	EndGlobalSection
EndGlobal
